// !$*UTF8*$!
{
	archiveVersion = 1;
	classes = {
	};
	objectVersion = 50;
	objects = {

/* Begin PBXBuildFile section */
		D1E1F6D2238439EF00FF9170 /* AppDelegate.swift in Sources */ = {isa = PBXBuildFile; fileRef = D1E1F6D1238439EF00FF9170 /* AppDelegate.swift */; };
		D1E1F6D4238439EF00FF9170 /* SceneDelegate.swift in Sources */ = {isa = PBXBuildFile; fileRef = D1E1F6D3238439EF00FF9170 /* SceneDelegate.swift */; };
		D1E1F6D6238439EF00FF9170 /* ContentView.swift in Sources */ = {isa = PBXBuildFile; fileRef = D1E1F6D5238439EF00FF9170 /* ContentView.swift */; };
		D1E1F6D8238439F300FF9170 /* Assets.xcassets in Resources */ = {isa = PBXBuildFile; fileRef = D1E1F6D7238439F300FF9170 /* Assets.xcassets */; };
		D1E1F6DB238439F300FF9170 /* Preview Assets.xcassets in Resources */ = {isa = PBXBuildFile; fileRef = D1E1F6DA238439F300FF9170 /* Preview Assets.xcassets */; };
		D1E1F6DE238439F300FF9170 /* LaunchScreen.storyboard in Resources */ = {isa = PBXBuildFile; fileRef = D1E1F6DC238439F300FF9170 /* LaunchScreen.storyboard */; };
		D1E1F6E9238439F300FF9170 /* ListItemMoveSwiftUITests.swift in Sources */ = {isa = PBXBuildFile; fileRef = D1E1F6E8238439F300FF9170 /* ListItemMoveSwiftUITests.swift */; };
		D1E1F6F4238439F300FF9170 /* ListItemMoveSwiftUIUITests.swift in Sources */ = {isa = PBXBuildFile; fileRef = D1E1F6F3238439F300FF9170 /* ListItemMoveSwiftUIUITests.swift */; };
/* End PBXBuildFile section */

/* Begin PBXContainerItemProxy section */
		D1E1F6E5238439F300FF9170 /* PBXContainerItemProxy */ = {
			isa = PBXContainerItemProxy;
			containerPortal = D1E1F6C6238439EF00FF9170 /* Project object */;
			proxyType = 1;
			remoteGlobalIDString = D1E1F6CD238439EF00FF9170;
			remoteInfo = ListItemMoveSwiftUI;
		};
		D1E1F6F0238439F300FF9170 /* PBXContainerItemProxy */ = {
			isa = PBXContainerItemProxy;
			containerPortal = D1E1F6C6238439EF00FF9170 /* Project object */;
			proxyType = 1;
			remoteGlobalIDString = D1E1F6CD238439EF00FF9170;
			remoteInfo = ListItemMoveSwiftUI;
		};
/* End PBXContainerItemProxy section */

/* Begin PBXFileReference section */
		D1E1F6CE238439EF00FF9170 /* ListItemMoveSwiftUI.app */ = {isa = PBXFileReference; explicitFileType = wrapper.application; includeInIndex = 0; path = ListItemMoveSwiftUI.app; sourceTree = BUILT_PRODUCTS_DIR; };
		D1E1F6D1238439EF00FF9170 /* AppDelegate.swift */ = {isa = PBXFileReference; lastKnownFileType = sourcecode.swift; path = AppDelegate.swift; sourceTree = "<group>"; };
		D1E1F6D3238439EF00FF9170 /* SceneDelegate.swift */ = {isa = PBXFileReference; lastKnownFileType = sourcecode.swift; path = SceneDelegate.swift; sourceTree = "<group>"; };
		D1E1F6D5238439EF00FF9170 /* ContentView.swift */ = {isa = PBXFileReference; lastKnownFileType = sourcecode.swift; path = ContentView.swift; sourceTree = "<group>"; };
		D1E1F6D7238439F300FF9170 /* Assets.xcassets */ = {isa = PBXFileReference; lastKnownFileType = folder.assetcatalog; path = Assets.xcassets; sourceTree = "<group>"; };
		D1E1F6DA238439F300FF9170 /* Preview Assets.xcassets */ = {isa = PBXFileReference; lastKnownFileType = folder.assetcatalog; path = "Preview Assets.xcassets"; sourceTree = "<group>"; };
		D1E1F6DD238439F300FF9170 /* Base */ = {isa = PBXFileReference; lastKnownFileType = file.storyboard; name = Base; path = Base.lproj/LaunchScreen.storyboard; sourceTree = "<group>"; };
		D1E1F6DF238439F300FF9170 /* Info.plist */ = {isa = PBXFileReference; lastKnownFileType = text.plist.xml; path = Info.plist; sourceTree = "<group>"; };
		D1E1F6E4238439F300FF9170 /* ListItemMoveSwiftUITests.xctest */ = {isa = PBXFileReference; explicitFileType = wrapper.cfbundle; includeInIndex = 0; path = ListItemMoveSwiftUITests.xctest; sourceTree = BUILT_PRODUCTS_DIR; };
		D1E1F6E8238439F300FF9170 /* ListItemMoveSwiftUITests.swift */ = {isa = PBXFileReference; lastKnownFileType = sourcecode.swift; path = ListItemMoveSwiftUITests.swift; sourceTree = "<group>"; };
		D1E1F6EA238439F300FF9170 /* Info.plist */ = {isa = PBXFileReference; lastKnownFileType = text.plist.xml; path = Info.plist; sourceTree = "<group>"; };
		D1E1F6EF238439F300FF9170 /* ListItemMoveSwiftUIUITests.xctest */ = {isa = PBXFileReference; explicitFileType = wrapper.cfbundle; includeInIndex = 0; path = ListItemMoveSwiftUIUITests.xctest; sourceTree = BUILT_PRODUCTS_DIR; };
		D1E1F6F3238439F300FF9170 /* ListItemMoveSwiftUIUITests.swift */ = {isa = PBXFileReference; lastKnownFileType = sourcecode.swift; path = ListItemMoveSwiftUIUITests.swift; sourceTree = "<group>"; };
		D1E1F6F5238439F300FF9170 /* Info.plist */ = {isa = PBXFileReference; lastKnownFileType = text.plist.xml; path = Info.plist; sourceTree = "<group>"; };
/* End PBXFileReference section */

/* Begin PBXFrameworksBuildPhase section */
		D1E1F6CB238439EF00FF9170 /* Frameworks */ = {
			isa = PBXFrameworksBuildPhase;
			buildActionMask = 2147483647;
			files = (
			);
			runOnlyForDeploymentPostprocessing = 0;
		};
		D1E1F6E1238439F300FF9170 /* Frameworks */ = {
			isa = PBXFrameworksBuildPhase;
			buildActionMask = 2147483647;
			files = (
			);
			runOnlyForDeploymentPostprocessing = 0;
		};
		D1E1F6EC238439F300FF9170 /* Frameworks */ = {
			isa = PBXFrameworksBuildPhase;
			buildActionMask = 2147483647;
			files = (
			);
			runOnlyForDeploymentPostprocessing = 0;
		};
/* End PBXFrameworksBuildPhase section */

/* Begin PBXGroup section */
		D1E1F6C5238439EF00FF9170 = {
			isa = PBXGroup;
			children = (
				D1E1F6D0238439EF00FF9170 /* ListItemMoveSwiftUI */,
				D1E1F6E7238439F300FF9170 /* ListItemMoveSwiftUITests */,
				D1E1F6F2238439F300FF9170 /* ListItemMoveSwiftUIUITests */,
				D1E1F6CF238439EF00FF9170 /* Products */,
			);
			sourceTree = "<group>";
		};
		D1E1F6CF238439EF00FF9170 /* Products */ = {
			isa = PBXGroup;
			children = (
				D1E1F6CE238439EF00FF9170 /* ListItemMoveSwiftUI.app */,
				D1E1F6E4238439F300FF9170 /* ListItemMoveSwiftUITests.xctest */,
				D1E1F6EF238439F300FF9170 /* ListItemMoveSwiftUIUITests.xctest */,
			);
			name = Products;
			sourceTree = "<group>";
		};
		D1E1F6D0238439EF00FF9170 /* ListItemMoveSwiftUI */ = {
			isa = PBXGroup;
			children = (
				D1E1F6D1238439EF00FF9170 /* AppDelegate.swift */,
				D1E1F6D3238439EF00FF9170 /* SceneDelegate.swift */,
				D1E1F6D5238439EF00FF9170 /* ContentView.swift */,
				D1E1F6D7238439F300FF9170 /* Assets.xcassets */,
				D1E1F6DC238439F300FF9170 /* LaunchScreen.storyboard */,
				D1E1F6DF238439F300FF9170 /* Info.plist */,
				D1E1F6D9238439F300FF9170 /* Preview Content */,
			);
			path = ListItemMoveSwiftUI;
			sourceTree = "<group>";
		};
		D1E1F6D9238439F300FF9170 /* Preview Content */ = {
			isa = PBXGroup;
			children = (
				D1E1F6DA238439F300FF9170 /* Preview Assets.xcassets */,
			);
			path = "Preview Content";
			sourceTree = "<group>";
		};
		D1E1F6E7238439F300FF9170 /* ListItemMoveSwiftUITests */ = {
			isa = PBXGroup;
			children = (
				D1E1F6E8238439F300FF9170 /* ListItemMoveSwiftUITests.swift */,
				D1E1F6EA238439F300FF9170 /* Info.plist */,
			);
			path = ListItemMoveSwiftUITests;
			sourceTree = "<group>";
		};
		D1E1F6F2238439F300FF9170 /* ListItemMoveSwiftUIUITests */ = {
			isa = PBXGroup;
			children = (
				D1E1F6F3238439F300FF9170 /* ListItemMoveSwiftUIUITests.swift */,
				D1E1F6F5238439F300FF9170 /* Info.plist */,
			);
			path = ListItemMoveSwiftUIUITests;
			sourceTree = "<group>";
		};
/* End PBXGroup section */

/* Begin PBXNativeTarget section */
		D1E1F6CD238439EF00FF9170 /* ListItemMoveSwiftUI */ = {
			isa = PBXNativeTarget;
			buildConfigurationList = D1E1F6F8238439F300FF9170 /* Build configuration list for PBXNativeTarget "ListItemMoveSwiftUI" */;
			buildPhases = (
				D1E1F6CA238439EF00FF9170 /* Sources */,
				D1E1F6CB238439EF00FF9170 /* Frameworks */,
				D1E1F6CC238439EF00FF9170 /* Resources */,
			);
			buildRules = (
			);
			dependencies = (
			);
			name = ListItemMoveSwiftUI;
			productName = ListItemMoveSwiftUI;
			productReference = D1E1F6CE238439EF00FF9170 /* ListItemMoveSwiftUI.app */;
			productType = "com.apple.product-type.application";
		};
		D1E1F6E3238439F300FF9170 /* ListItemMoveSwiftUITests */ = {
			isa = PBXNativeTarget;
			buildConfigurationList = D1E1F6FB238439F300FF9170 /* Build configuration list for PBXNativeTarget "ListItemMoveSwiftUITests" */;
			buildPhases = (
				D1E1F6E0238439F300FF9170 /* Sources */,
				D1E1F6E1238439F300FF9170 /* Frameworks */,
				D1E1F6E2238439F300FF9170 /* Resources */,
			);
			buildRules = (
			);
			dependencies = (
				D1E1F6E6238439F300FF9170 /* PBXTargetDependency */,
			);
			name = ListItemMoveSwiftUITests;
			productName = ListItemMoveSwiftUITests;
			productReference = D1E1F6E4238439F300FF9170 /* ListItemMoveSwiftUITests.xctest */;
			productType = "com.apple.product-type.bundle.unit-test";
		};
		D1E1F6EE238439F300FF9170 /* ListItemMoveSwiftUIUITests */ = {
			isa = PBXNativeTarget;
			buildConfigurationList = D1E1F6FE238439F300FF9170 /* Build configuration list for PBXNativeTarget "ListItemMoveSwiftUIUITests" */;
			buildPhases = (
				D1E1F6EB238439F300FF9170 /* Sources */,
				D1E1F6EC238439F300FF9170 /* Frameworks */,
				D1E1F6ED238439F300FF9170 /* Resources */,
			);
			buildRules = (
			);
			dependencies = (
				D1E1F6F1238439F300FF9170 /* PBXTargetDependency */,
			);
			name = ListItemMoveSwiftUIUITests;
			productName = ListItemMoveSwiftUIUITests;
			productReference = D1E1F6EF238439F300FF9170 /* ListItemMoveSwiftUIUITests.xctest */;
			productType = "com.apple.product-type.bundle.ui-testing";
		};
/* End PBXNativeTarget section */

/* Begin PBXProject section */
		D1E1F6C6238439EF00FF9170 /* Project object */ = {
			isa = PBXProject;
			attributes = {
				LastSwiftUpdateCheck = 1100;
				LastUpgradeCheck = 1100;
				ORGANIZATIONNAME = Shigas;
				TargetAttributes = {
					D1E1F6CD238439EF00FF9170 = {
						CreatedOnToolsVersion = 11.0;
					};
					D1E1F6E3238439F300FF9170 = {
						CreatedOnToolsVersion = 11.0;
						TestTargetID = D1E1F6CD238439EF00FF9170;
					};
					D1E1F6EE238439F300FF9170 = {
						CreatedOnToolsVersion = 11.0;
						TestTargetID = D1E1F6CD238439EF00FF9170;
					};
				};
			};
			buildConfigurationList = D1E1F6C9238439EF00FF9170 /* Build configuration list for PBXProject "ListItemMoveSwiftUI" */;
			compatibilityVersion = "Xcode 9.3";
			developmentRegion = en;
			hasScannedForEncodings = 0;
			knownRegions = (
				en,
				Base,
			);
			mainGroup = D1E1F6C5238439EF00FF9170;
			productRefGroup = D1E1F6CF238439EF00FF9170 /* Products */;
			projectDirPath = "";
			projectRoot = "";
			targets = (
				D1E1F6CD238439EF00FF9170 /* ListItemMoveSwiftUI */,
				D1E1F6E3238439F300FF9170 /* ListItemMoveSwiftUITests */,
				D1E1F6EE238439F300FF9170 /* ListItemMoveSwiftUIUITests */,
			);
		};
/* End PBXProject section */

/* Begin PBXResourcesBuildPhase section */
		D1E1F6CC238439EF00FF9170 /* Resources */ = {
			isa = PBXResourcesBuildPhase;
			buildActionMask = 2147483647;
			files = (
				D1E1F6DE238439F300FF9170 /* LaunchScreen.storyboard in Resources */,
				D1E1F6DB238439F300FF9170 /* Preview Assets.xcassets in Resources */,
				D1E1F6D8238439F300FF9170 /* Assets.xcassets in Resources */,
			);
			runOnlyForDeploymentPostprocessing = 0;
		};
		D1E1F6E2238439F300FF9170 /* Resources */ = {
			isa = PBXResourcesBuildPhase;
			buildActionMask = 2147483647;
			files = (
			);
			runOnlyForDeploymentPostprocessing = 0;
		};
		D1E1F6ED238439F300FF9170 /* Resources */ = {
			isa = PBXResourcesBuildPhase;
			buildActionMask = 2147483647;
			files = (
			);
			runOnlyForDeploymentPostprocessing = 0;
		};
/* End PBXResourcesBuildPhase section */

/* Begin PBXSourcesBuildPhase section */
		D1E1F6CA238439EF00FF9170 /* Sources */ = {
			isa = PBXSourcesBuildPhase;
			buildActionMask = 2147483647;
			files = (
				D1E1F6D2238439EF00FF9170 /* AppDelegate.swift in Sources */,
				D1E1F6D4238439EF00FF9170 /* SceneDelegate.swift in Sources */,
				D1E1F6D6238439EF00FF9170 /* ContentView.swift in Sources */,
			);
			runOnlyForDeploymentPostprocessing = 0;
		};
		D1E1F6E0238439F300FF9170 /* Sources */ = {
			isa = PBXSourcesBuildPhase;
			buildActionMask = 2147483647;
			files = (
				D1E1F6E9238439F300FF9170 /* ListItemMoveSwiftUITests.swift in Sources */,
			);
			runOnlyForDeploymentPostprocessing = 0;
		};
		D1E1F6EB238439F300FF9170 /* Sources */ = {
			isa = PBXSourcesBuildPhase;
			buildActionMask = 2147483647;
			files = (
				D1E1F6F4238439F300FF9170 /* ListItemMoveSwiftUIUITests.swift in Sources */,
			);
			runOnlyForDeploymentPostprocessing = 0;
		};
/* End PBXSourcesBuildPhase section */

/* Begin PBXTargetDependency section */
		D1E1F6E6238439F300FF9170 /* PBXTargetDependency */ = {
			isa = PBXTargetDependency;
			target = D1E1F6CD238439EF00FF9170 /* ListItemMoveSwiftUI */;
			targetProxy = D1E1F6E5238439F300FF9170 /* PBXContainerItemProxy */;
		};
		D1E1F6F1238439F300FF9170 /* PBXTargetDependency */ = {
			isa = PBXTargetDependency;
			target = D1E1F6CD238439EF00FF9170 /* ListItemMoveSwiftUI */;
			targetProxy = D1E1F6F0238439F300FF9170 /* PBXContainerItemProxy */;
		};
/* End PBXTargetDependency section */

/* Begin PBXVariantGroup section */
		D1E1F6DC238439F300FF9170 /* LaunchScreen.storyboard */ = {
			isa = PBXVariantGroup;
			children = (
				D1E1F6DD238439F300FF9170 /* Base */,
			);
			name = LaunchScreen.storyboard;
			sourceTree = "<group>";
		};
/* End PBXVariantGroup section */

/* Begin XCBuildConfiguration section */
		D1E1F6F6238439F300FF9170 /* Debug */ = {
			isa = XCBuildConfiguration;
			buildSettings = {
				ALWAYS_SEARCH_USER_PATHS = NO;
				CLANG_ANALYZER_NONNULL = YES;
				CLANG_ANALYZER_NUMBER_OBJECT_CONVERSION = YES_AGGRESSIVE;
				CLANG_CXX_LANGUAGE_STANDARD = "gnu++14";
				CLANG_CXX_LIBRARY = "libc++";
				CLANG_ENABLE_MODULES = YES;
				CLANG_ENABLE_OBJC_ARC = YES;
				CLANG_ENABLE_OBJC_WEAK = YES;
				CLANG_WARN_BLOCK_CAPTURE_AUTORELEASING = YES;
				CLANG_WARN_BOOL_CONVERSION = YES;
				CLANG_WARN_COMMA = YES;
				CLANG_WARN_CONSTANT_CONVERSION = YES;
				CLANG_WARN_DEPRECATED_OBJC_IMPLEMENTATIONS = YES;
				CLANG_WARN_DIRECT_OBJC_ISA_USAGE = YES_ERROR;
				CLANG_WARN_DOCUMENTATION_COMMENTS = YES;
				CLANG_WARN_EMPTY_BODY = YES;
				CLANG_WARN_ENUM_CONVERSION = YES;
				CLANG_WARN_INFINITE_RECURSION = YES;
				CLANG_WARN_INT_CONVERSION = YES;
				CLANG_WARN_NON_LITERAL_NULL_CONVERSION = YES;
				CLANG_WARN_OBJC_IMPLICIT_RETAIN_SELF = YES;
				CLANG_WARN_OBJC_LITERAL_CONVERSION = YES;
				CLANG_WARN_OBJC_ROOT_CLASS = YES_ERROR;
				CLANG_WARN_RANGE_LOOP_ANALYSIS = YES;
				CLANG_WARN_STRICT_PROTOTYPES = YES;
				CLANG_WARN_SUSPICIOUS_MOVE = YES;
				CLANG_WARN_UNGUARDED_AVAILABILITY = YES_AGGRESSIVE;
				CLANG_WARN_UNREACHABLE_CODE = YES;
				CLANG_WARN__DUPLICATE_METHOD_MATCH = YES;
				COPY_PHASE_STRIP = NO;
				DEBUG_INFORMATION_FORMAT = dwarf;
				ENABLE_STRICT_OBJC_MSGSEND = YES;
				ENABLE_TESTABILITY = YES;
				GCC_C_LANGUAGE_STANDARD = gnu11;
				GCC_DYNAMIC_NO_PIC = NO;
				GCC_NO_COMMON_BLOCKS = YES;
				GCC_OPTIMIZATION_LEVEL = 0;
				GCC_PREPROCESSOR_DEFINITIONS = (
					"DEBUG=1",
					"$(inherited)",
				);
				GCC_WARN_64_TO_32_BIT_CONVERSION = YES;
				GCC_WARN_ABOUT_RETURN_TYPE = YES_ERROR;
				GCC_WARN_UNDECLARED_SELECTOR = YES;
				GCC_WARN_UNINITIALIZED_AUTOS = YES_AGGRESSIVE;
				GCC_WARN_UNUSED_FUNCTION = YES;
				GCC_WARN_UNUSED_VARIABLE = YES;
				IPHONEOS_DEPLOYMENT_TARGET = 13.0;
				MTL_ENABLE_DEBUG_INFO = INCLUDE_SOURCE;
				MTL_FAST_MATH = YES;
				ONLY_ACTIVE_ARCH = YES;
				SDKROOT = iphoneos;
				SWIFT_ACTIVE_COMPILATION_CONDITIONS = DEBUG;
				SWIFT_OPTIMIZATION_LEVEL = "-Onone";
			};
			name = Debug;
		};
		D1E1F6F7238439F300FF9170 /* Release */ = {
			isa = XCBuildConfiguration;
			buildSettings = {
				ALWAYS_SEARCH_USER_PATHS = NO;
				CLANG_ANALYZER_NONNULL = YES;
				CLANG_ANALYZER_NUMBER_OBJECT_CONVERSION = YES_AGGRESSIVE;
				CLANG_CXX_LANGUAGE_STANDARD = "gnu++14";
				CLANG_CXX_LIBRARY = "libc++";
				CLANG_ENABLE_MODULES = YES;
				CLANG_ENABLE_OBJC_ARC = YES;
				CLANG_ENABLE_OBJC_WEAK = YES;
				CLANG_WARN_BLOCK_CAPTURE_AUTORELEASING = YES;
				CLANG_WARN_BOOL_CONVERSION = YES;
				CLANG_WARN_COMMA = YES;
				CLANG_WARN_CONSTANT_CONVERSION = YES;
				CLANG_WARN_DEPRECATED_OBJC_IMPLEMENTATIONS = YES;
				CLANG_WARN_DIRECT_OBJC_ISA_USAGE = YES_ERROR;
				CLANG_WARN_DOCUMENTATION_COMMENTS = YES;
				CLANG_WARN_EMPTY_BODY = YES;
				CLANG_WARN_ENUM_CONVERSION = YES;
				CLANG_WARN_INFINITE_RECURSION = YES;
				CLANG_WARN_INT_CONVERSION = YES;
				CLANG_WARN_NON_LITERAL_NULL_CONVERSION = YES;
				CLANG_WARN_OBJC_IMPLICIT_RETAIN_SELF = YES;
				CLANG_WARN_OBJC_LITERAL_CONVERSION = YES;
				CLANG_WARN_OBJC_ROOT_CLASS = YES_ERROR;
				CLANG_WARN_RANGE_LOOP_ANALYSIS = YES;
				CLANG_WARN_STRICT_PROTOTYPES = YES;
				CLANG_WARN_SUSPICIOUS_MOVE = YES;
				CLANG_WARN_UNGUARDED_AVAILABILITY = YES_AGGRESSIVE;
				CLANG_WARN_UNREACHABLE_CODE = YES;
				CLANG_WARN__DUPLICATE_METHOD_MATCH = YES;
				COPY_PHASE_STRIP = NO;
				DEBUG_INFORMATION_FORMAT = "dwarf-with-dsym";
				ENABLE_NS_ASSERTIONS = NO;
				ENABLE_STRICT_OBJC_MSGSEND = YES;
				GCC_C_LANGUAGE_STANDARD = gnu11;
				GCC_NO_COMMON_BLOCKS = YES;
				GCC_WARN_64_TO_32_BIT_CONVERSION = YES;
				GCC_WARN_ABOUT_RETURN_TYPE = YES_ERROR;
				GCC_WARN_UNDECLARED_SELECTOR = YES;
				GCC_WARN_UNINITIALIZED_AUTOS = YES_AGGRESSIVE;
				GCC_WARN_UNUSED_FUNCTION = YES;
				GCC_WARN_UNUSED_VARIABLE = YES;
				IPHONEOS_DEPLOYMENT_TARGET = 13.0;
				MTL_ENABLE_DEBUG_INFO = NO;
				MTL_FAST_MATH = YES;
				SDKROOT = iphoneos;
				SWIFT_COMPILATION_MODE = wholemodule;
				SWIFT_OPTIMIZATION_LEVEL = "-O";
				VALIDATE_PRODUCT = YES;
			};
			name = Release;
		};
		D1E1F6F9238439F300FF9170 /* Debug */ = {
			isa = XCBuildConfiguration;
			buildSettings = {
				ASSETCATALOG_COMPILER_APPICON_NAME = AppIcon;
				CODE_SIGN_STYLE = Automatic;
				DEVELOPMENT_ASSET_PATHS = "\"ListItemMoveSwiftUI/Preview Content\"";
				ENABLE_PREVIEWS = YES;
				INFOPLIST_FILE = ListItemMoveSwiftUI/Info.plist;
				LD_RUNPATH_SEARCH_PATHS = (
					"$(inherited)",
					"@executable_path/Frameworks",
				);
				PRODUCT_BUNDLE_IDENTIFIER = Shigas.ListItemMoveSwiftUI;
				PRODUCT_NAME = "$(TARGET_NAME)";
				SWIFT_VERSION = 5.0;
				TARGETED_DEVICE_FAMILY = "1,2";
			};
			name = Debug;
		};
		D1E1F6FA238439F300FF9170 /* Release */ = {
			isa = XCBuildConfiguration;
			buildSettings = {
				ASSETCATALOG_COMPILER_APPICON_NAME = AppIcon;
				CODE_SIGN_STYLE = Automatic;
				DEVELOPMENT_ASSET_PATHS = "\"ListItemMoveSwiftUI/Preview Content\"";
				ENABLE_PREVIEWS = YES;
				INFOPLIST_FILE = ListItemMoveSwiftUI/Info.plist;
				LD_RUNPATH_SEARCH_PATHS = (
					"$(inherited)",
					"@executable_path/Frameworks",
				);
				PRODUCT_BUNDLE_IDENTIFIER = Shigas.ListItemMoveSwiftUI;
				PRODUCT_NAME = "$(TARGET_NAME)";
				SWIFT_VERSION = 5.0;
				TARGETED_DEVICE_FAMILY = "1,2";
			};
			name = Release;
		};
		D1E1F6FC238439F300FF9170 /* Debug */ = {
			isa = XCBuildConfiguration;
			buildSettings = {
				ALWAYS_EMBED_SWIFT_STANDARD_LIBRARIES = YES;
				BUNDLE_LOADER = "$(TEST_HOST)";
				CODE_SIGN_STYLE = Automatic;
				INFOPLIST_FILE = ListItemMoveSwiftUITests/Info.plist;
				IPHONEOS_DEPLOYMENT_TARGET = 13.0;
				LD_RUNPATH_SEARCH_PATHS = (
					"$(inherited)",
					"@executable_path/Frameworks",
					"@loader_path/Frameworks",
				);
				PRODUCT_BUNDLE_IDENTIFIER = Shigas.ListItemMoveSwiftUITests;
				PRODUCT_NAME = "$(TARGET_NAME)";
				SWIFT_VERSION = 5.0;
				TARGETED_DEVICE_FAMILY = "1,2";
				TEST_HOST = "$(BUILT_PRODUCTS_DIR)/ListItemMoveSwiftUI.app/ListItemMoveSwiftUI";
			};
			name = Debug;
		};
		D1E1F6FD238439F300FF9170 /* Release */ = {
			isa = XCBuildConfiguration;
			buildSettings = {
				ALWAYS_EMBED_SWIFT_STANDARD_LIBRARIES = YES;
				BUNDLE_LOADER = "$(TEST_HOST)";
				CODE_SIGN_STYLE = Automatic;
				INFOPLIST_FILE = ListItemMoveSwiftUITests/Info.plist;
				IPHONEOS_DEPLOYMENT_TARGET = 13.0;
				LD_RUNPATH_SEARCH_PATHS = (
					"$(inherited)",
					"@executable_path/Frameworks",
					"@loader_path/Frameworks",
				);
				PRODUCT_BUNDLE_IDENTIFIER = Shigas.ListItemMoveSwiftUITests;
				PRODUCT_NAME = "$(TARGET_NAME)";
				SWIFT_VERSION = 5.0;
				TARGETED_DEVICE_FAMILY = "1,2";
				TEST_HOST = "$(BUILT_PRODUCTS_DIR)/ListItemMoveSwiftUI.app/ListItemMoveSwiftUI";
			};
			name = Release;
		};
		D1E1F6FF238439F300FF9170 /* Debug */ = {
			isa = XCBuildConfiguration;
			buildSettings = {
				ALWAYS_EMBED_SWIFT_STANDARD_LIBRARIES = YES;
				CODE_SIGN_STYLE = Automatic;
				INFOPLIST_FILE = ListItemMoveSwiftUIUITests/Info.plist;
				LD_RUNPATH_SEARCH_PATHS = (
					"$(inherited)",
					"@executable_path/Frameworks",
					"@loader_path/Frameworks",
				);
				PRODUCT_BUNDLE_IDENTIFIER = Shigas.ListItemMoveSwiftUIUITests;
				PRODUCT_NAME = "$(TARGET_NAME)";
				SWIFT_VERSION = 5.0;
				TARGETED_DEVICE_FAMILY = "1,2";
				TEST_TARGET_NAME = ListItemMoveSwiftUI;
			};
			name = Debug;
		};
		D1E1F700238439F300FF9170 /* Release */ = {
			isa = XCBuildConfiguration;
			buildSettings = {
				ALWAYS_EMBED_SWIFT_STANDARD_LIBRARIES = YES;
				CODE_SIGN_STYLE = Automatic;
				INFOPLIST_FILE = ListItemMoveSwiftUIUITests/Info.plist;
				LD_RUNPATH_SEARCH_PATHS = (
					"$(inherited)",
					"@executable_path/Frameworks",
					"@loader_path/Frameworks",
				);
				PRODUCT_BUNDLE_IDENTIFIER = Shigas.ListItemMoveSwiftUIUITests;
				PRODUCT_NAME = "$(TARGET_NAME)";
				SWIFT_VERSION = 5.0;
				TARGETED_DEVICE_FAMILY = "1,2";
				TEST_TARGET_NAME = ListItemMoveSwiftUI;
			};
			name = Release;
		};
/* End XCBuildConfiguration section */

/* Begin XCConfigurationList section */
		D1E1F6C9238439EF00FF9170 /* Build configuration list for PBXProject "ListItemMoveSwiftUI" */ = {
			isa = XCConfigurationList;
			buildConfigurations = (
				D1E1F6F6238439F300FF9170 /* Debug */,
				D1E1F6F7238439F300FF9170 /* Release */,
			);
			defaultConfigurationIsVisible = 0;
			defaultConfigurationName = Release;
		};
		D1E1F6F8238439F300FF9170 /* Build configuration list for PBXNativeTarget "ListItemMoveSwiftUI" */ = {
			isa = XCConfigurationList;
			buildConfigurations = (
				D1E1F6F9238439F300FF9170 /* Debug */,
				D1E1F6FA238439F300FF9170 /* Release */,
			);
			defaultConfigurationIsVisible = 0;
			defaultConfigurationName = Release;
		};
		D1E1F6FB238439F300FF9170 /* Build configuration list for PBXNativeTarget "ListItemMoveSwiftUITests" */ = {
			isa = XCConfigurationList;
			buildConfigurations = (
				D1E1F6FC238439F300FF9170 /* Debug */,
				D1E1F6FD238439F300FF9170 /* Release */,
			);
			defaultConfigurationIsVisible = 0;
			defaultConfigurationName = Release;
		};
		D1E1F6FE238439F300FF9170 /* Build configuration list for PBXNativeTarget "ListItemMoveSwiftUIUITests" */ = {
			isa = XCConfigurationList;
			buildConfigurations = (
				D1E1F6FF238439F300FF9170 /* Debug */,
				D1E1F700238439F300FF9170 /* Release */,
			);
			defaultConfigurationIsVisible = 0;
			defaultConfigurationName = Release;
		};
/* End XCConfigurationList section */
	};
	rootObject = D1E1F6C6238439EF00FF9170 /* Project object */;
}
